# THIS IS AN AUTOGENERATED FILE. DO NOT EDIT THIS FILE DIRECTLY.
# yarn lockfile v1


"@types/chrome@^0.0.250":
  version "0.0.250"
  resolved "https://registry.yarnpkg.com/@types/chrome/-/chrome-0.0.250.tgz#dd21d177f8d4ea9a12433b0506d25d41e90d7729"
  integrity sha512-bg6UC+cXS5blsaJaVOg0TQfu6FG64og/4o+65IuaVvlTKBzNUiazLabPde+gRpk8DSrqpGBPk0xME+tbU3KlKg==
  dependencies:
    "@types/filesystem" "*"
    "@types/har-format" "*"

"@types/filesystem@*":
  version "0.0.35"
  resolved "https://registry.yarnpkg.com/@types/filesystem/-/filesystem-0.0.35.tgz#6d6766626083e2b397c09bdc57092827120db11d"
  integrity sha512-1eKvCaIBdrD2mmMgy5dwh564rVvfEhZTWVQQGRNn0Nt4ZEnJ0C8oSUCzvMKRA4lGde5oEVo+q2MrTTbV/GHDCQ==
  dependencies:
    "@types/filewriter" "*"

"@types/filewriter@*":
  version "0.0.32"
  resolved "https://registry.yarnpkg.com/@types/filewriter/-/filewriter-0.0.32.tgz#3cf7e0f870e54e60ed1bbd9280fa24a9444d3b48"
  integrity sha512-Kpi2GXQyYJdjL8mFclL1eDgihn1SIzorMZjD94kdPZh9E4VxGOeyjPxi5LpsM4Zku7P0reqegZTt2GxhmA9VBg==

"@types/har-format@*":
  version "1.2.14"
  resolved "https://registry.yarnpkg.com/@types/har-format/-/har-format-1.2.14.tgz#292e55d52be8659c8486316a0ae439760617e0a3"
  integrity sha512-pEmBAoccWvO6XbSI8A7KvIDGEoKtlLWtdqVCKoVBcCDSFvR4Ijd7zGLu7MWGEqk2r8D54uWlMRt+VZuSrfFMzQ==

chrome-types@^0.1.240:
  version "0.1.240"
  resolved "https://registry.yarnpkg.com/chrome-types/-/chrome-types-0.1.240.tgz#7d3069e613b9c1caa347c72788dca2dbcf7e832e"
  integrity sha512-oF+HVNxu3MLJor4o+KbOy1lgVguk44YsTO68jZa90xEZZosJO3DUp7t4HYoelil5thjhp1ceEK4X/19GouMzpQ==
